{
  "name": "DND-lite",
  "lockfileVersion": 3,
  "requires": true,
  "packages": {
    "": {
      "dependencies": {
        "@mediapipe/tasks-vision": "^0.10.34",
        "@mkkellogg/gaussian-splats-3d": "^0.4.7"
      }
    },
    "node_modules/@mediapipe/tasks-vision": {
      "version": "0.10.34",
      "resolved": "https://registry.npmjs.org/@mediapipe/tasks-vision/-/tasks-vision-0.10.34.tgz",
      "integrity": "sha512-KFGyhDsjJ+9WUMcMfjTOpcEp3LJNS3KwC7BfvKrCYELn/7G/5kmwnU7z6Spps+iWQoTGL8xW8i68r65OTa3DwA==",
      "license": "Apache-2.0"
    },
    "node_modules/@mkkellogg/gaussian-splats-3d": {
      "version": "0.4.7",
      "resolved": "https://registry.npmjs.org/@mkkellogg/gaussian-splats-3d/-/gaussian-splats-3d-0.4.7.tgz",
      "integrity": "sha512-0vy9/i9sJLFH/v3WJZ4axCsqjkToe8UsV3xY7bvK5EUC0akiRsWZODoCiSzpxhTLNyzSKTsyQKozIFeNA5RWRA==",
      "license": "MIT",
      "peerDependencies": {
        "three": ">=0.160.0"
      }
    },
    "node_modules/three": {
      "version": "0.183.2",
      "resolved": "https://registry.npmjs.org/three/-/three-0.183.2.tgz",
      "integrity": "sha512-di3BsL2FEQ1PA7Hcvn4fyJOlxRRgFYBpMTcyOgkwJIaDOdJMebEFPA+t98EvjuljDx4hNulAGwF6KIjtwI5jgQ==",
      "license": "MIT",
      "peer": true
    }
  }
}
